{
	"name": "@kgarsjo-com/infrastructure",
	"version": "0.1.0",
	"lockfileVersion": 1,
	"requires": true,
	"dependencies": {
		"@aws-cdk/assets": {
			"version": "1.19.0",
			"resolved": "https://registry.npmjs.org/@aws-cdk/assets/-/assets-1.19.0.tgz",
			"integrity": "sha512-BPc7e6mUWZfLxR0OEUv6nroaV82baSLOR9qygFE/pU24/ku/eamqdQP1XU3cnQCpF5n5vUIA6alP5TIYvBpsZw==",
			"requires": {
				"@aws-cdk/core": "1.19.0",
				"@aws-cdk/cx-api": "1.19.0",
				"minimatch": "^3.0.4"
			},
			"dependencies": {
				"balanced-match": {
					"version": "1.0.0",
					"bundled": true
				},
				"brace-expansion": {
					"version": "1.1.11",
					"bundled": true,
					"requires": {
						"balanced-match": "^1.0.0",
						"concat-map": "0.0.1"
					}
				},
				"concat-map": {
					"version": "0.0.1",
					"bundled": true
				},
				"minimatch": {
					"version": "3.0.4",
					"bundled": true,
					"requires": {
						"brace-expansion": "^1.1.7"
					}
				}
			}
		},
		"@aws-cdk/aws-apigateway": {
			"version": "1.19.0",
			"resolved": "https://registry.npmjs.org/@aws-cdk/aws-apigateway/-/aws-apigateway-1.19.0.tgz",
			"integrity": "sha512-pIn3MIMAACFVDS7WBl7b+d14A5bf0wQlgQIJ8FwilH5bUcAyRnBllvBBQG2OSI9ZJulOUvOQVsdrpwHqlaSKKg==",
			"requires": {
				"@aws-cdk/aws-certificatemanager": "1.19.0",
				"@aws-cdk/aws-elasticloadbalancingv2": "1.19.0",
				"@aws-cdk/aws-iam": "1.19.0",
				"@aws-cdk/aws-lambda": "1.19.0",
				"@aws-cdk/core": "1.19.0"
			}
		},
		"@aws-cdk/aws-budgets": {
			"version": "1.19.0",
			"resolved": "https://registry.npmjs.org/@aws-cdk/aws-budgets/-/aws-budgets-1.19.0.tgz",
			"integrity": "sha512-kZq8jTqPT5QWSyxDq9dfzb/SEp0Kck7AReiwe+dC7thWvU32pYWzg/jP7gz000DOB+qY6gYL428393P8zTHmNw==",
			"requires": {
				"@aws-cdk/core": "1.19.0"
			}
		},
		"@aws-cdk/aws-certificatemanager": {
			"version": "1.19.0",
			"resolved": "https://registry.npmjs.org/@aws-cdk/aws-certificatemanager/-/aws-certificatemanager-1.19.0.tgz",
			"integrity": "sha512-sYrFk1x1f5GcmPwPdIQhzxv4tgk4ihVoemvfPFI+DOwMkkclyS68W7zIo/ubcsT6KqfZkgskQDgjn9Ie8nsD+w==",
			"requires": {
				"@aws-cdk/aws-cloudformation": "1.19.0",
				"@aws-cdk/aws-iam": "1.19.0",
				"@aws-cdk/aws-lambda": "1.19.0",
				"@aws-cdk/aws-route53": "1.19.0",
				"@aws-cdk/core": "1.19.0"
			}
		},
		"@aws-cdk/aws-cloudformation": {
			"version": "1.19.0",
			"resolved": "https://registry.npmjs.org/@aws-cdk/aws-cloudformation/-/aws-cloudformation-1.19.0.tgz",
			"integrity": "sha512-pgOa7Mv1ESe4JA7OQNlwaw/gXzBshIxIPHMrHxauKHimPpyIAFHZWNw2R3sLad7ZQDClA9KZ6o1GIARjYMxyzw==",
			"requires": {
				"@aws-cdk/aws-iam": "1.19.0",
				"@aws-cdk/aws-lambda": "1.19.0",
				"@aws-cdk/aws-s3": "1.19.0",
				"@aws-cdk/aws-sns": "1.19.0",
				"@aws-cdk/core": "1.19.0",
				"@aws-cdk/cx-api": "1.19.0"
			}
		},
		"@aws-cdk/aws-cloudfront": {
			"version": "1.19.0",
			"resolved": "https://registry.npmjs.org/@aws-cdk/aws-cloudfront/-/aws-cloudfront-1.19.0.tgz",
			"integrity": "sha512-EUBOYd6HvR71oOdKZYezNolYkKnJeKe5jVPffbkRHQHE2Hgkt78/1uxDQny3a3pCo9OrnB/Bz1kGmf9Ag8zrfg==",
			"requires": {
				"@aws-cdk/aws-certificatemanager": "1.19.0",
				"@aws-cdk/aws-iam": "1.19.0",
				"@aws-cdk/aws-kms": "1.19.0",
				"@aws-cdk/aws-lambda": "1.19.0",
				"@aws-cdk/aws-s3": "1.19.0",
				"@aws-cdk/core": "1.19.0"
			}
		},
		"@aws-cdk/aws-cloudwatch": {
			"version": "1.19.0",
			"resolved": "https://registry.npmjs.org/@aws-cdk/aws-cloudwatch/-/aws-cloudwatch-1.19.0.tgz",
			"integrity": "sha512-xrMeSxbkAXAMNMMx2hMfgXiyI6E2zmxaUv2KD2cA9AloS1ms53y4OlPmQRbkjla2nbMnSDPqFLvLv/VVJXCSOQ==",
			"requires": {
				"@aws-cdk/aws-iam": "1.19.0",
				"@aws-cdk/core": "1.19.0"
			}
		},
		"@aws-cdk/aws-ec2": {
			"version": "1.19.0",
			"resolved": "https://registry.npmjs.org/@aws-cdk/aws-ec2/-/aws-ec2-1.19.0.tgz",
			"integrity": "sha512-r5nyxZdi4KGGvd3HavRXHhhgAqQIak+Go2YoxVDNJoT/OegStv4gPoqRtoxlYuZU3LooDL1CzVBvVlghKpF0Vg==",
			"requires": {
				"@aws-cdk/aws-cloudwatch": "1.19.0",
				"@aws-cdk/aws-iam": "1.19.0",
				"@aws-cdk/aws-ssm": "1.19.0",
				"@aws-cdk/core": "1.19.0",
				"@aws-cdk/cx-api": "1.19.0"
			}
		},
		"@aws-cdk/aws-elasticloadbalancingv2": {
			"version": "1.19.0",
			"resolved": "https://registry.npmjs.org/@aws-cdk/aws-elasticloadbalancingv2/-/aws-elasticloadbalancingv2-1.19.0.tgz",
			"integrity": "sha512-1BxuwVzGG8mUoxqiug2ocWcK3ajeOC2zb5GONehgi+axjUmlCpuvx3ieSYrkS1sBft7qOMvsqT6tJBgfhA9IdQ==",
			"requires": {
				"@aws-cdk/aws-certificatemanager": "1.19.0",
				"@aws-cdk/aws-cloudwatch": "1.19.0",
				"@aws-cdk/aws-ec2": "1.19.0",
				"@aws-cdk/aws-iam": "1.19.0",
				"@aws-cdk/aws-lambda": "1.19.0",
				"@aws-cdk/aws-s3": "1.19.0",
				"@aws-cdk/core": "1.19.0"
			}
		},
		"@aws-cdk/aws-events": {
			"version": "1.19.0",
			"resolved": "https://registry.npmjs.org/@aws-cdk/aws-events/-/aws-events-1.19.0.tgz",
			"integrity": "sha512-wLH2+KuZm8U8+ZN3XF98Radlr1LWL9lgoHueRp2qnPqf9pSQjqGcUsnuD5Uz9EmgMqXEe96gCKa3PX8GEOIuPQ==",
			"requires": {
				"@aws-cdk/aws-iam": "1.19.0",
				"@aws-cdk/core": "1.19.0"
			}
		},
		"@aws-cdk/aws-iam": {
			"version": "1.19.0",
			"resolved": "https://registry.npmjs.org/@aws-cdk/aws-iam/-/aws-iam-1.19.0.tgz",
			"integrity": "sha512-ZHuS69Qa54oSO3mmsMILtmbzj+V4eeR7MrLUmECY5V78gEmoXy2f3Nf9YY99ZsiY38zjmmTjr21A4NnZyocJog==",
			"requires": {
				"@aws-cdk/core": "1.19.0",
				"@aws-cdk/region-info": "1.19.0"
			}
		},
		"@aws-cdk/aws-kms": {
			"version": "1.19.0",
			"resolved": "https://registry.npmjs.org/@aws-cdk/aws-kms/-/aws-kms-1.19.0.tgz",
			"integrity": "sha512-Ii2W04u8xoc9nUIkzFdCq1khS8ct5EI2mrkWwWoWotMdfwYiHXFQQSGFBPsFU4R07WXty/mSWvj8gFQZcIWRaw==",
			"requires": {
				"@aws-cdk/aws-iam": "1.19.0",
				"@aws-cdk/core": "1.19.0"
			}
		},
		"@aws-cdk/aws-lambda": {
			"version": "1.19.0",
			"resolved": "https://registry.npmjs.org/@aws-cdk/aws-lambda/-/aws-lambda-1.19.0.tgz",
			"integrity": "sha512-rtVF5s9csBhW+1q+gzHHj9qZ6jFwFhjBfin08fSoCZSeX5oZ7aSIdmscIcI49n9fsF3QaIGmpBM1xzMPznSHLA==",
			"requires": {
				"@aws-cdk/aws-cloudwatch": "1.19.0",
				"@aws-cdk/aws-ec2": "1.19.0",
				"@aws-cdk/aws-events": "1.19.0",
				"@aws-cdk/aws-iam": "1.19.0",
				"@aws-cdk/aws-logs": "1.19.0",
				"@aws-cdk/aws-s3": "1.19.0",
				"@aws-cdk/aws-s3-assets": "1.19.0",
				"@aws-cdk/aws-sqs": "1.19.0",
				"@aws-cdk/core": "1.19.0",
				"@aws-cdk/cx-api": "1.19.0"
			}
		},
		"@aws-cdk/aws-logs": {
			"version": "1.19.0",
			"resolved": "https://registry.npmjs.org/@aws-cdk/aws-logs/-/aws-logs-1.19.0.tgz",
			"integrity": "sha512-JK5GzwhA9wHeDK//1F08l9RiC7yKduid4PwH2gT5CXBDFDn47MeGLR5H/5Tbv/bAPSg8AOA88tx7TXs2mJUuew==",
			"requires": {
				"@aws-cdk/aws-cloudwatch": "1.19.0",
				"@aws-cdk/aws-iam": "1.19.0",
				"@aws-cdk/core": "1.19.0"
			}
		},
		"@aws-cdk/aws-route53": {
			"version": "1.19.0",
			"resolved": "https://registry.npmjs.org/@aws-cdk/aws-route53/-/aws-route53-1.19.0.tgz",
			"integrity": "sha512-l6HvqIA4L5Ighxjpr4U30LRHuMjq6gQhQqe2iWgf3Zxl1YNEL6i+fPVOR+EtwBKjyWZdOOEWrZXtqw7xD/3DJg==",
			"requires": {
				"@aws-cdk/aws-ec2": "1.19.0",
				"@aws-cdk/aws-logs": "1.19.0",
				"@aws-cdk/core": "1.19.0",
				"@aws-cdk/cx-api": "1.19.0"
			}
		},
		"@aws-cdk/aws-s3": {
			"version": "1.19.0",
			"resolved": "https://registry.npmjs.org/@aws-cdk/aws-s3/-/aws-s3-1.19.0.tgz",
			"integrity": "sha512-cubVDC/P62k1n1lObY8PqOPTDauCB1F+wCMk0yYDvqSEq1nWxTg06o2GaMR+ALxCh0fLA9hcEdxzDgyR9mvCtw==",
			"requires": {
				"@aws-cdk/aws-events": "1.19.0",
				"@aws-cdk/aws-iam": "1.19.0",
				"@aws-cdk/aws-kms": "1.19.0",
				"@aws-cdk/core": "1.19.0"
			}
		},
		"@aws-cdk/aws-s3-assets": {
			"version": "1.19.0",
			"resolved": "https://registry.npmjs.org/@aws-cdk/aws-s3-assets/-/aws-s3-assets-1.19.0.tgz",
			"integrity": "sha512-7KjUrseT/7/0BU+y98isxgefIvNSGlk0E8s9umYuFVhGdbpfagbuusB0WfZjIukg5kOEy9No31TilTMakZQKXQ==",
			"requires": {
				"@aws-cdk/assets": "1.19.0",
				"@aws-cdk/aws-iam": "1.19.0",
				"@aws-cdk/aws-s3": "1.19.0",
				"@aws-cdk/core": "1.19.0",
				"@aws-cdk/cx-api": "1.19.0"
			}
		},
		"@aws-cdk/aws-sns": {
			"version": "1.19.0",
			"resolved": "https://registry.npmjs.org/@aws-cdk/aws-sns/-/aws-sns-1.19.0.tgz",
			"integrity": "sha512-41d+4RmvBnAT1js4uKnEWzIxtY1ieo7yklpJJJ9v7CMKj9Xm2v0TCPzuW4EORWuemOYWTzBiuvsBeCrFFurM/A==",
			"requires": {
				"@aws-cdk/aws-cloudwatch": "1.19.0",
				"@aws-cdk/aws-events": "1.19.0",
				"@aws-cdk/aws-iam": "1.19.0",
				"@aws-cdk/aws-kms": "1.19.0",
				"@aws-cdk/core": "1.19.0"
			}
		},
		"@aws-cdk/aws-sqs": {
			"version": "1.19.0",
			"resolved": "https://registry.npmjs.org/@aws-cdk/aws-sqs/-/aws-sqs-1.19.0.tgz",
			"integrity": "sha512-2284OR3965QTdEtGcc9S08OTXq4KEoeXmVQjnVafuqrAWRCEWG1DnRMvc8iz9c+TpynY0gXk07QK21GHO/GV3A==",
			"requires": {
				"@aws-cdk/aws-cloudwatch": "1.19.0",
				"@aws-cdk/aws-iam": "1.19.0",
				"@aws-cdk/aws-kms": "1.19.0",
				"@aws-cdk/core": "1.19.0"
			}
		},
		"@aws-cdk/aws-ssm": {
			"version": "1.19.0",
			"resolved": "https://registry.npmjs.org/@aws-cdk/aws-ssm/-/aws-ssm-1.19.0.tgz",
			"integrity": "sha512-vn4poYy30N1PBY+DrO0mbBX3NqR6hiDSaFMmWeqddsbhNURN0Vr6WW/M60OJBNIoeq/1zjh3L9kl7/+wrNO8jA==",
			"requires": {
				"@aws-cdk/aws-iam": "1.19.0",
				"@aws-cdk/aws-kms": "1.19.0",
				"@aws-cdk/core": "1.19.0",
				"@aws-cdk/cx-api": "1.19.0"
			}
		},
		"@aws-cdk/core": {
			"version": "1.19.0",
			"resolved": "https://registry.npmjs.org/@aws-cdk/core/-/core-1.19.0.tgz",
			"integrity": "sha512-WFEsUuZaF39c7qiITXTYkQ9cmIMdlkLYdFVTcIBnGf9EwDY32YXqeBQn1rDF7EkilwV40WzHx5MUJ8qvBoKRtA==",
			"requires": {
				"@aws-cdk/cx-api": "1.19.0"
			}
		},
		"@aws-cdk/cx-api": {
			"version": "1.19.0",
			"resolved": "https://registry.npmjs.org/@aws-cdk/cx-api/-/cx-api-1.19.0.tgz",
			"integrity": "sha512-+Ypset+keoQDK1qMmJrDVG97VUALDAMQBIJ7X1KvbUMHVzyT0kl268CCnLS066AmdkwAGevFpAQkGzpBQwobMA==",
			"requires": {
				"semver": "^6.3.0"
			},
			"dependencies": {
				"semver": {
					"version": "6.3.0",
					"bundled": true
				}
			}
		},
		"@aws-cdk/region-info": {
			"version": "1.19.0",
			"resolved": "https://registry.npmjs.org/@aws-cdk/region-info/-/region-info-1.19.0.tgz",
			"integrity": "sha512-Eehx3L88tCQgQ/NX2ysJSflT0+lM92GkJosji13TboIrAalPlbi1xdLebUf9U7GTybtbAGJNNLqZVBDnU1/g6w=="
		},
		"@types/events": {
			"version": "3.0.0",
			"resolved": "https://registry.npmjs.org/@types/events/-/events-3.0.0.tgz",
			"integrity": "sha512-EaObqwIvayI5a8dCzhFrjKzVwKLxjoG9T6Ppd5CEo07LRKfQ8Yokw54r5+Wq7FaBQ+yXRvQAYPrHwya1/UFt9g==",
			"dev": true
		},
		"@types/glob": {
			"version": "7.1.1",
			"resolved": "https://registry.npmjs.org/@types/glob/-/glob-7.1.1.tgz",
			"integrity": "sha512-1Bh06cbWJUHMC97acuD6UMG29nMt0Aqz1vF3guLfG+kHHJhy3AyohZFFxYk2f7Q1SQIrNwvncxAE0N/9s70F2w==",
			"dev": true,
			"requires": {
				"@types/events": "*",
				"@types/minimatch": "*",
				"@types/node": "*"
			}
		},
		"@types/minimatch": {
			"version": "3.0.3",
			"resolved": "https://registry.npmjs.org/@types/minimatch/-/minimatch-3.0.3.tgz",
			"integrity": "sha512-tHq6qdbT9U1IRSGf14CL0pUlULksvY9OZ+5eEgl1N7t+OA3tGvNpxJCzuKQlsNgCVwbAs670L1vcVQi8j9HjnA==",
			"dev": true
		},
		"@types/node": {
			"version": "13.1.0",
			"resolved": "https://registry.npmjs.org/@types/node/-/node-13.1.0.tgz",
			"integrity": "sha512-zwrxviZS08kRX40nqBrmERElF2vpw4IUTd5khkhBTfFH8AOaeoLVx48EC4+ZzS2/Iga7NevncqnsUSYjM4OWYA==",
			"dev": true
		},
		"aws-cdk": {
			"version": "1.174.0",
			"resolved": "https://registry.npmjs.org/aws-cdk/-/aws-cdk-1.174.0.tgz",
			"integrity": "sha512-cAnJ1vx8p0sFoHR5IP4YKd4l3lN7s9Y7+umwb4eNgWr+XSgUbuYiJgS/FD57hIbHN1uoBih3QAE0RA62LVJSFw==",
			"requires": {
				"fsevents": "2.3.2"
			}
		},
		"balanced-match": {
			"version": "1.0.0",
			"resolved": "https://registry.npmjs.org/balanced-match/-/balanced-match-1.0.0.tgz",
			"integrity": "sha1-ibTRmasr7kneFk6gK4nORi1xt2c="
		},
		"brace-expansion": {
			"version": "1.1.11",
			"resolved": "https://registry.npmjs.org/brace-expansion/-/brace-expansion-1.1.11.tgz",
			"integrity": "sha512-iCuPHDFgrHX7H2vEI/5xpz07zSHB00TpugqhmYtVmMO6518mCuRMoOYFldEBl0g187ufozdaHgWKcYFb61qGiA==",
			"requires": {
				"balanced-match": "^1.0.0",
				"concat-map": "0.0.1"
			}
		},
		"buffer-from": {
			"version": "1.1.1",
			"resolved": "https://registry.npmjs.org/buffer-from/-/buffer-from-1.1.1.tgz",
			"integrity": "sha512-MQcXEUbCKtEo7bhqEs6560Hyd4XaovZlO/k9V3hjVUF/zwW7KBVdSK4gIt/bzwS9MbR5qob+F5jusZsb0YQK2A=="
		},
		"concat-map": {
			"version": "0.0.1",
			"resolved": "https://registry.npmjs.org/concat-map/-/concat-map-0.0.1.tgz",
			"integrity": "sha1-2Klr13/Wjfd5OnMDajug1UBdR3s="
		},
		"fs.realpath": {
			"version": "1.0.0",
			"resolved": "https://registry.npmjs.org/fs.realpath/-/fs.realpath-1.0.0.tgz",
			"integrity": "sha1-FQStJSMVjKpA20onh8sBQRmU6k8="
		},
		"fsevents": {
			"version": "2.3.2",
			"resolved": "https://registry.npmjs.org/fsevents/-/fsevents-2.3.2.tgz",
			"integrity": "sha512-xiqMQR4xAeHTuB9uWm+fFRcIOgKBMiOBP+eXiyT7jsgVCq1bkVygt00oASowB7EdtpOHaaPgKt812P9ab+DDKA==",
			"optional": true
		},
		"glob": {
			"version": "7.1.6",
			"resolved": "https://registry.npmjs.org/glob/-/glob-7.1.6.tgz",
			"integrity": "sha512-LwaxwyZ72Lk7vZINtNNrywX0ZuLyStrdDtabefZKAY5ZGJhVtgdznluResxNmPitE0SAO+O26sWTHeKSI2wMBA==",
			"requires": {
				"fs.realpath": "^1.0.0",
				"inflight": "^1.0.4",
				"inherits": "2",
				"minimatch": "^3.0.4",
				"once": "^1.3.0",
				"path-is-absolute": "^1.0.0"
			}
		},
		"inflight": {
			"version": "1.0.6",
			"resolved": "https://registry.npmjs.org/inflight/-/inflight-1.0.6.tgz",
			"integrity": "sha1-Sb1jMdfQLQwJvJEKEHW6gWW1bfk=",
			"requires": {
				"once": "^1.3.0",
				"wrappy": "1"
			}
		},
		"inherits": {
			"version": "2.0.4",
			"resolved": "https://registry.npmjs.org/inherits/-/inherits-2.0.4.tgz",
			"integrity": "sha512-k/vGaX4/Yla3WzyMCvTQOXYeIHvqOKtnqBduzTHpzpQZzAskKMhZ2K+EnBiSM9zGSoIFeMpXKxa4dYeZIQqewQ=="
		},
		"minimatch": {
			"version": "3.0.4",
			"resolved": "https://registry.npmjs.org/minimatch/-/minimatch-3.0.4.tgz",
			"integrity": "sha512-yJHVQEhyqPLUTgt9B83PXu6W3rx4MvvHvSUvToogpwoGDOUQ+yDrR0HRot+yOCdCO7u4hX3pWft6kWBBcqh0UA==",
			"requires": {
				"brace-expansion": "^1.1.7"
			}
		},
		"once": {
			"version": "1.4.0",
			"resolved": "https://registry.npmjs.org/once/-/once-1.4.0.tgz",
			"integrity": "sha1-WDsap3WWHUsROsF9nFC6753Xa9E=",
			"requires": {
				"wrappy": "1"
			}
		},
		"path-is-absolute": {
			"version": "1.0.1",
			"resolved": "https://registry.npmjs.org/path-is-absolute/-/path-is-absolute-1.0.1.tgz",
			"integrity": "sha1-F0uSaHNVNP+8es5r9TpanhtcX18="
		},
		"source-map": {
			"version": "0.6.1",
			"resolved": "https://registry.npmjs.org/source-map/-/source-map-0.6.1.tgz",
			"integrity": "sha512-UjgapumWlbMhkBgzT7Ykc5YXUT46F0iKu8SGXq0bcwP5dz/h0Plj6enJqjz1Zbq2l5WaqYnrVbwWOWMyF3F47g=="
		},
		"source-map-support": {
			"version": "0.5.16",
			"resolved": "https://registry.npmjs.org/source-map-support/-/source-map-support-0.5.16.tgz",
			"integrity": "sha512-efyLRJDr68D9hBBNIPWFjhpFzURh+KJykQwvMyW5UiZzYwoF6l4YMMDIJJEyFWxWCqfyxLzz6tSfUFR+kXXsVQ==",
			"requires": {
				"buffer-from": "^1.0.0",
				"source-map": "^0.6.0"
			}
		},
		"typescript": {
			"version": "3.7.4",
			"resolved": "https://registry.npmjs.org/typescript/-/typescript-3.7.4.tgz",
			"integrity": "sha512-A25xv5XCtarLwXpcDNZzCGvW2D1S3/bACratYBx2sax8PefsFhlYmkQicKHvpYflFS8if4zne5zT5kpJ7pzuvw==",
			"dev": true
		},
		"wrappy": {
			"version": "1.0.2",
			"resolved": "https://registry.npmjs.org/wrappy/-/wrappy-1.0.2.tgz",
			"integrity": "sha1-tSQ9jz7BqjXxNkYFvA0QNuMKtp8="
		}
	}
}
